
Microsoft Visual Studio Solution File, Format Version 12.00
# Visual Studio Version 17
VisualStudioVersion = 17.0.31903.59
MinimumVisualStudioVersion = 10.0.40219.1
Project("{2150E333-8FDC-42A3-9474-1A3956D46DE8}") = "src", "src", "{3D9186F4-1E05-481E-A9E4-FC5A30E4FF5B}"
EndProject
Project("{FAE04EC0-301F-11D3-BF4B-00C04F79EFBC}") = "ProEventos.API", "src\ProEventos.API\ProEventos.API.csproj", "{7352D19E-0E0C-4857-B4A2-45F93D5E06FA}"
EndProject
Global
	GlobalSection(SolutionConfigurationPlatforms) = preSolution
		Debug|Any CPU = Debug|Any CPU
		Release|Any CPU = Release|Any CPU
	EndGlobalSection
	GlobalSection(SolutionProperties) = preSolution
		HideSolutionNode = FALSE
	EndGlobalSection
	GlobalSection(ProjectConfigurationPlatforms) = postSolution
		{7352D19E-0E0C-4857-B4A2-45F93D5E06FA}.Debug|Any CPU.ActiveCfg = Debug|Any CPU
		{7352D19E-0E0C-4857-B4A2-45F93D5E06FA}.Debug|Any CPU.Build.0 = Debug|Any CPU
		{7352D19E-0E0C-4857-B4A2-45F93D5E06FA}.Release|Any CPU.ActiveCfg = Release|Any CPU
		{7352D19E-0E0C-4857-B4A2-45F93D5E06FA}.Release|Any CPU.Build.0 = Release|Any CPU
	EndGlobalSection
	GlobalSection(NestedProjects) = preSolution
		{7352D19E-0E0C-4857-B4A2-45F93D5E06FA} = {3D9186F4-1E05-481E-A9E4-FC5A30E4FF5B}
	EndGlobalSection
EndGlobal
